
Microsoft Visual Studio Solution File, Format Version 12.00
# Visual Studio 15
VisualStudioVersion = 15.0.28307.329
MinimumVisualStudioVersion = 10.0.40219.1
Project("{159641D6-6404-4A2A-AE62-294DE0FE8301}") = "OutdoorParadiseTest", "OutdoorParadiseTest\OutdoorParadiseTest.dtproj", "{0A4D111C-0884-405F-B725-EA5C79815C42}"
EndProject
Global
	GlobalSection(SolutionConfigurationPlatforms) = preSolution
		Development|Default = Development|Default
	EndGlobalSection
	GlobalSection(ProjectConfigurationPlatforms) = postSolution
		{0A4D111C-0884-405F-B725-EA5C79815C42}.Development|Default.ActiveCfg = Development
		{0A4D111C-0884-405F-B725-EA5C79815C42}.Development|Default.Build.0 = Development
	EndGlobalSection
	GlobalSection(SolutionProperties) = preSolution
		HideSolutionNode = FALSE
	EndGlobalSection
	GlobalSection(ExtensibilityGlobals) = postSolution
		SolutionGuid = {DAF04480-AE46-4532-9AFB-FD6580A02538}
	EndGlobalSection
EndGlobal
